
Microsoft Visual Studio Solution File, Format Version 12.00
# Visual Studio Version 17
VisualStudioVersion = 17.3.32929.385
MinimumVisualStudioVersion = 10.0.40219.1
Project("{2150E333-8FDC-42A3-9474-1A3956D46DE8}") = "Services", "Services", "{B5604648-7150-4FF1-A879-0D5F229D1672}"
EndProject
Project("{2150E333-8FDC-42A3-9474-1A3956D46DE8}") = "Catalog", "Catalog", "{1925E379-F17F-4491-85CB-57FA07C78702}"
EndProject
Project("{9A19103F-16F7-4668-BE54-9A1E7A4F7556}") = "Catalog.API", "Services\Catalog\Catalog.API\Catalog.API.csproj", "{80846645-9E8B-455A-9EB5-3E61B7CB8766}"
EndProject
Project("{E53339B2-1760-4266-BCC7-CA923CBCF16C}") = "docker-compose", "docker-compose.dcproj", "{03368229-068E-475A-887B-A57E05B9BF6D}"
EndProject
Project("{2150E333-8FDC-42A3-9474-1A3956D46DE8}") = "Basket", "Basket", "{9FAFD9F4-D8A5-4356-AC28-2DF491E791D8}"
EndProject
Project("{9A19103F-16F7-4668-BE54-9A1E7A4F7556}") = "Basket.API", "Services\Basket\Basket.API\Basket.API.csproj", "{9E585A8D-62CC-410D-8C35-4F8806F6A25D}"
EndProject
Project("{2150E333-8FDC-42A3-9474-1A3956D46DE8}") = "Discount", "Discount", "{56E5EFF3-B5AF-420C-BBFE-F95E3D1B676C}"
EndProject
Project("{9A19103F-16F7-4668-BE54-9A1E7A4F7556}") = "Discount.API", "Services\Discount\Discount.API\Discount.API.csproj", "{B93921EB-B663-4DF3-920D-E8C435A3B505}"
EndProject
Project("{9A19103F-16F7-4668-BE54-9A1E7A4F7556}") = "Discount.gRPC", "Services\Discount\Discount.gRPC\Discount.gRPC.csproj", "{44B1AFD7-0B07-4FB4-9B41-5D8F6D023874}"
EndProject
Project("{2150E333-8FDC-42A3-9474-1A3956D46DE8}") = "Ordering", "Ordering", "{2AF8F3A5-9ACC-4208-828C-8A18E7E8BDF3}"
EndProject
Project("{9A19103F-16F7-4668-BE54-9A1E7A4F7556}") = "Ordering.API", "Services\Ordering\Ordering.API\Ordering.API.csproj", "{C102E177-439E-4813-A432-31090743E8A8}"
EndProject
Project("{9A19103F-16F7-4668-BE54-9A1E7A4F7556}") = "Ordering.Domain", "Services\Ordering\Ordering.Domain\Ordering.Domain.csproj", "{C7EAC387-58B8-4B77-B6DA-E73B2D6346F2}"
EndProject
Project("{9A19103F-16F7-4668-BE54-9A1E7A4F7556}") = "Ordering.Application", "Services\Ordering\Ordering.Application\Ordering.Application.csproj", "{0EB82324-5E5C-4330-92C8-32148467B75A}"
EndProject
Project("{9A19103F-16F7-4668-BE54-9A1E7A4F7556}") = "Ordering.Infra", "Services\Ordering\Ordering.Infra\Ordering.Infra.csproj", "{1DD06B40-10BF-424D-9F01-A33AB1DD39FA}"
EndProject
Project("{2150E333-8FDC-42A3-9474-1A3956D46DE8}") = "BuildingBlocks", "BuildingBlocks", "{258B7C56-D653-4DA1-87A6-0C7F0607DEE1}"
EndProject
Project("{9A19103F-16F7-4668-BE54-9A1E7A4F7556}") = "EventBus.Messages", "BuildingBlocks\EventBus.Messages\EventBus.Messages.csproj", "{9D92541F-382B-4212-A9C4-482E35782C18}"
EndProject
Project("{2150E333-8FDC-42A3-9474-1A3956D46DE8}") = "ApiGateways", "ApiGateways", "{D63E6BAB-04BB-4712-A4A7-89981677BADB}"
EndProject
Project("{FAE04EC0-301F-11D3-BF4B-00C04F79EFBC}") = "OcelotApiGw", "ApiGateways\OcelotApiGw\OcelotApiGw.csproj", "{82A2C49E-1F72-4B40-AC33-EDD967B19826}"
EndProject
Global
	GlobalSection(SolutionConfigurationPlatforms) = preSolution
		Debug|Any CPU = Debug|Any CPU
		Release|Any CPU = Release|Any CPU
	EndGlobalSection
	GlobalSection(ProjectConfigurationPlatforms) = postSolution
		{80846645-9E8B-455A-9EB5-3E61B7CB8766}.Debug|Any CPU.ActiveCfg = Debug|Any CPU
		{80846645-9E8B-455A-9EB5-3E61B7CB8766}.Debug|Any CPU.Build.0 = Debug|Any CPU
		{80846645-9E8B-455A-9EB5-3E61B7CB8766}.Release|Any CPU.ActiveCfg = Release|Any CPU
		{80846645-9E8B-455A-9EB5-3E61B7CB8766}.Release|Any CPU.Build.0 = Release|Any CPU
		{03368229-068E-475A-887B-A57E05B9BF6D}.Debug|Any CPU.ActiveCfg = Debug|Any CPU
		{03368229-068E-475A-887B-A57E05B9BF6D}.Debug|Any CPU.Build.0 = Debug|Any CPU
		{03368229-068E-475A-887B-A57E05B9BF6D}.Release|Any CPU.ActiveCfg = Release|Any CPU
		{03368229-068E-475A-887B-A57E05B9BF6D}.Release|Any CPU.Build.0 = Release|Any CPU
		{9E585A8D-62CC-410D-8C35-4F8806F6A25D}.Debug|Any CPU.ActiveCfg = Debug|Any CPU
		{9E585A8D-62CC-410D-8C35-4F8806F6A25D}.Debug|Any CPU.Build.0 = Debug|Any CPU
		{9E585A8D-62CC-410D-8C35-4F8806F6A25D}.Release|Any CPU.ActiveCfg = Release|Any CPU
		{9E585A8D-62CC-410D-8C35-4F8806F6A25D}.Release|Any CPU.Build.0 = Release|Any CPU
		{B93921EB-B663-4DF3-920D-E8C435A3B505}.Debug|Any CPU.ActiveCfg = Debug|Any CPU
		{B93921EB-B663-4DF3-920D-E8C435A3B505}.Debug|Any CPU.Build.0 = Debug|Any CPU
		{B93921EB-B663-4DF3-920D-E8C435A3B505}.Release|Any CPU.ActiveCfg = Release|Any CPU
		{B93921EB-B663-4DF3-920D-E8C435A3B505}.Release|Any CPU.Build.0 = Release|Any CPU
		{44B1AFD7-0B07-4FB4-9B41-5D8F6D023874}.Debug|Any CPU.ActiveCfg = Debug|Any CPU
		{44B1AFD7-0B07-4FB4-9B41-5D8F6D023874}.Debug|Any CPU.Build.0 = Debug|Any CPU
		{44B1AFD7-0B07-4FB4-9B41-5D8F6D023874}.Release|Any CPU.ActiveCfg = Release|Any CPU
		{44B1AFD7-0B07-4FB4-9B41-5D8F6D023874}.Release|Any CPU.Build.0 = Release|Any CPU
		{C102E177-439E-4813-A432-31090743E8A8}.Debug|Any CPU.ActiveCfg = Debug|Any CPU
		{C102E177-439E-4813-A432-31090743E8A8}.Debug|Any CPU.Build.0 = Debug|Any CPU
		{C102E177-439E-4813-A432-31090743E8A8}.Release|Any CPU.ActiveCfg = Release|Any CPU
		{C102E177-439E-4813-A432-31090743E8A8}.Release|Any CPU.Build.0 = Release|Any CPU
		{C7EAC387-58B8-4B77-B6DA-E73B2D6346F2}.Debug|Any CPU.ActiveCfg = Debug|Any CPU
		{C7EAC387-58B8-4B77-B6DA-E73B2D6346F2}.Debug|Any CPU.Build.0 = Debug|Any CPU
		{C7EAC387-58B8-4B77-B6DA-E73B2D6346F2}.Release|Any CPU.ActiveCfg = Release|Any CPU
		{C7EAC387-58B8-4B77-B6DA-E73B2D6346F2}.Release|Any CPU.Build.0 = Release|Any CPU
		{0EB82324-5E5C-4330-92C8-32148467B75A}.Debug|Any CPU.ActiveCfg = Debug|Any CPU
		{0EB82324-5E5C-4330-92C8-32148467B75A}.Debug|Any CPU.Build.0 = Debug|Any CPU
		{0EB82324-5E5C-4330-92C8-32148467B75A}.Release|Any CPU.ActiveCfg = Release|Any CPU
		{0EB82324-5E5C-4330-92C8-32148467B75A}.Release|Any CPU.Build.0 = Release|Any CPU
		{1DD06B40-10BF-424D-9F01-A33AB1DD39FA}.Debug|Any CPU.ActiveCfg = Debug|Any CPU
		{1DD06B40-10BF-424D-9F01-A33AB1DD39FA}.Debug|Any CPU.Build.0 = Debug|Any CPU
		{1DD06B40-10BF-424D-9F01-A33AB1DD39FA}.Release|Any CPU.ActiveCfg = Release|Any CPU
		{1DD06B40-10BF-424D-9F01-A33AB1DD39FA}.Release|Any CPU.Build.0 = Release|Any CPU
		{9D92541F-382B-4212-A9C4-482E35782C18}.Debug|Any CPU.ActiveCfg = Debug|Any CPU
		{9D92541F-382B-4212-A9C4-482E35782C18}.Debug|Any CPU.Build.0 = Debug|Any CPU
		{9D92541F-382B-4212-A9C4-482E35782C18}.Release|Any CPU.ActiveCfg = Release|Any CPU
		{9D92541F-382B-4212-A9C4-482E35782C18}.Release|Any CPU.Build.0 = Release|Any CPU
		{82A2C49E-1F72-4B40-AC33-EDD967B19826}.Debug|Any CPU.ActiveCfg = Debug|Any CPU
		{82A2C49E-1F72-4B40-AC33-EDD967B19826}.Debug|Any CPU.Build.0 = Debug|Any CPU
		{82A2C49E-1F72-4B40-AC33-EDD967B19826}.Release|Any CPU.ActiveCfg = Release|Any CPU
		{82A2C49E-1F72-4B40-AC33-EDD967B19826}.Release|Any CPU.Build.0 = Release|Any CPU
	EndGlobalSection
	GlobalSection(SolutionProperties) = preSolution
		HideSolutionNode = FALSE
	EndGlobalSection
	GlobalSection(NestedProjects) = preSolution
		{1925E379-F17F-4491-85CB-57FA07C78702} = {B5604648-7150-4FF1-A879-0D5F229D1672}
		{80846645-9E8B-455A-9EB5-3E61B7CB8766} = {1925E379-F17F-4491-85CB-57FA07C78702}
		{9FAFD9F4-D8A5-4356-AC28-2DF491E791D8} = {B5604648-7150-4FF1-A879-0D5F229D1672}
		{9E585A8D-62CC-410D-8C35-4F8806F6A25D} = {9FAFD9F4-D8A5-4356-AC28-2DF491E791D8}
		{56E5EFF3-B5AF-420C-BBFE-F95E3D1B676C} = {B5604648-7150-4FF1-A879-0D5F229D1672}
		{B93921EB-B663-4DF3-920D-E8C435A3B505} = {56E5EFF3-B5AF-420C-BBFE-F95E3D1B676C}
		{44B1AFD7-0B07-4FB4-9B41-5D8F6D023874} = {56E5EFF3-B5AF-420C-BBFE-F95E3D1B676C}
		{2AF8F3A5-9ACC-4208-828C-8A18E7E8BDF3} = {B5604648-7150-4FF1-A879-0D5F229D1672}
		{C102E177-439E-4813-A432-31090743E8A8} = {2AF8F3A5-9ACC-4208-828C-8A18E7E8BDF3}
		{C7EAC387-58B8-4B77-B6DA-E73B2D6346F2} = {2AF8F3A5-9ACC-4208-828C-8A18E7E8BDF3}
		{0EB82324-5E5C-4330-92C8-32148467B75A} = {2AF8F3A5-9ACC-4208-828C-8A18E7E8BDF3}
		{1DD06B40-10BF-424D-9F01-A33AB1DD39FA} = {2AF8F3A5-9ACC-4208-828C-8A18E7E8BDF3}
		{9D92541F-382B-4212-A9C4-482E35782C18} = {258B7C56-D653-4DA1-87A6-0C7F0607DEE1}
		{82A2C49E-1F72-4B40-AC33-EDD967B19826} = {D63E6BAB-04BB-4712-A4A7-89981677BADB}
	EndGlobalSection
	GlobalSection(ExtensibilityGlobals) = postSolution
		SolutionGuid = {98029D94-646C-4AF6-90F2-9AB3A0A6A6C1}
	EndGlobalSection
EndGlobal
